{
  "name": "healow-playwright-scraper",
  "version": "1.0.0",
  "lockfileVersion": 3,
  "requires": true,
  "packages": {
    "": {
      "name": "healow-playwright-scraper",
      "version": "1.0.0",
      "license": "ISC",
      "dependencies": {
        "csv-parser": "^3.0.0",
        "fast-csv": "^5.0.1",
        "playwright": "^1.49.1"
      }
    },
    "node_modules/@fast-csv/format": {
      "version": "5.0.7",
      "resolved": "https://registry.npmjs.org/@fast-csv/format/-/format-5.0.7.tgz",
      "integrity": "sha512-VdypoRxv7PF+LsyPouTMKdB0d76hync+gLpgdNqfqVK44MsgW4oiCJSdrki2FisWT7v2QGUYDHjp4L7w5oO6gw==",
      "license": "MIT",
      "dependencies": {
        "lodash.escaperegexp": "^4.1.2"
      }
    },
    "node_modules/@fast-csv/parse": {
      "version": "5.0.7",
      "resolved": "https://registry.npmjs.org/@fast-csv/parse/-/parse-5.0.7.tgz",
      "integrity": "sha512-MeuDeQj0DVmIGWky8STaKtvj232Gpq8kjrOGplHJ99Os7OO5CetVfXvUGqX/3GHYFOUsz6FK8isWtDY2XTFNWw==",
      "license": "MIT",
      "dependencies": {
        "lodash.escaperegexp": "^4.1.2",
        "lodash.groupby": "^4.6.0",
        "lodash.uniq": "^4.5.0"
      }
    },
    "node_modules/csv-parser": {
      "version": "3.2.1",
      "resolved": "https://registry.npmjs.org/csv-parser/-/csv-parser-3.2.1.tgz",
      "integrity": "sha512-v8RPMSglouR9od735SnwSxLBbCJqEPSbgm1R5qfr8yIiMUCEFjox56kRZid0SvgHJEkxeIEu3+a9QS3YRh7CuA==",
      "license": "MIT",
      "bin": {
        "csv-parser": "bin/csv-parser"
      },
      "engines": {
        "node": ">= 10"
      }
    },
    "node_modules/fast-csv": {
      "version": "5.0.7",
      "resolved": "https://registry.npmjs.org/fast-csv/-/fast-csv-5.0.7.tgz",
      "integrity": "sha512-KirK9wYIUXF/xTYmg/jv9ehUWbQ4Faf6XutuJKlEz72eoqKMMLdCnz+rGDeBSjpV2wwkHQnLSuJ5i+FRRnzZwA==",
      "license": "MIT",
      "dependencies": {
        "@fast-csv/format": "5.0.7",
        "@fast-csv/parse": "5.0.7"
      },
      "engines": {
        "node": ">=10.0.0"
      }
    },
    "node_modules/fsevents": {
      "version": "2.3.2",
      "resolved": "https://registry.npmjs.org/fsevents/-/fsevents-2.3.2.tgz",
      "integrity": "sha512-xiqMQR4xAeHTuB9uWm+fFRcIOgKBMiOBP+eXiyT7jsgVCq1bkVygt00oASowB7EdtpOHaaPgKt812P9ab+DDKA==",
      "hasInstallScript": true,
      "license": "MIT",
      "optional": true,
      "os": [
        "darwin"
      ],
      "engines": {
        "node": "^8.16.0 || ^10.6.0 || >=11.0.0"
      }
    },
    "node_modules/lodash.escaperegexp": {
      "version": "4.1.2",
      "resolved": "https://registry.npmjs.org/lodash.escaperegexp/-/lodash.escaperegexp-4.1.2.tgz",
      "integrity": "sha512-TM9YBvyC84ZxE3rgfefxUWiQKLilstD6k7PTGt6wfbtXF8ixIJLOL3VYyV/z+ZiPLsVxAsKAFVwWlWeb2Y8Yyw==",
      "license": "MIT"
    },
    "node_modules/lodash.groupby": {
      "version": "4.6.0",
      "resolved": "https://registry.npmjs.org/lodash.groupby/-/lodash.groupby-4.6.0.tgz",
      "integrity": "sha512-5dcWxm23+VAoz+awKmBaiBvzox8+RqMgFhi7UvX9DHZr2HdxHXM/Wrf8cfKpsW37RNrvtPn6hSwNqurSILbmJw==",
      "license": "MIT"
    },
    "node_modules/lodash.uniq": {
      "version": "4.5.0",
      "resolved": "https://registry.npmjs.org/lodash.uniq/-/lodash.uniq-4.5.0.tgz",
      "integrity": "sha512-xfBaXQd9ryd9dlSDvnvI0lvxfLJlYAZzXomUYzLKtUeOQvOP5piqAWuGtrhWeqaXK9hhoM/iyJc5AV+XfsX3HQ==",
      "license": "MIT"
    },
    "node_modules/playwright": {
      "version": "1.62.1",
      "resolved": "https://registry.npmjs.org/playwright/-/playwright-1.62.1.tgz",
      "integrity": "sha512-0M+L3LAD8/nm554LOla9Ayx0j0tmFZ0FBcoQ7F1VuVHpM/XpiC8RcDzBQB8W5+hA8L22THxELzeF+2WcUzvcLg==",
      "license": "Apache-2.0",
      "dependencies": {
        "playwright-core": "1.62.1"
      },
      "bin": {
        "playwright": "cli.js"
      },
      "engines": {
        "node": ">=20"
      },
      "optionalDependencies": {
        "fsevents": "2.3.2"
      }
    },
    "node_modules/playwright-core": {
      "version": "1.62.1",
      "resolved": "https://registry.npmjs.org/playwright-core/-/playwright-core-1.62.1.tgz",
      "integrity": "sha512-wPYSwEBJY9GHraISXqyqtx0na0LpO3XEX7jNDhntbex7tzUS7kLnZsOlFruFJB4Hi/rhDMjXGqHewDZ68nYZVw==",
      "license": "Apache-2.0",
      "bin": {
        "playwright-core": "cli.js"
      },
      "engines": {
        "node": ">=20"
      }
    }
  }
}
